
Microsoft Visual Studio Solution File, Format Version 12.00
# Visual Studio Version 17
VisualStudioVersion = 17.6.33723.286
MinimumVisualStudioVersion = 10.0.40219.1
Project("{FAE04EC0-301F-11D3-BF4B-00C04F79EFBC}") = "Kenneth_asignacion1", "Kenneth_asignacion1\Kenneth_asignacion1.csproj", "{270A358C-54B4-4C34-899F-F946361CE997}"
EndProject
Global
	GlobalSection(SolutionConfigurationPlatforms) = preSolution
		Debug|Any CPU = Debug|Any CPU
		Release|Any CPU = Release|Any CPU
	EndGlobalSection
	GlobalSection(ProjectConfigurationPlatforms) = postSolution
		{270A358C-54B4-4C34-899F-F946361CE997}.Debug|Any CPU.ActiveCfg = Debug|Any CPU
		{270A358C-54B4-4C34-899F-F946361CE997}.Debug|Any CPU.Build.0 = Debug|Any CPU
		{270A358C-54B4-4C34-899F-F946361CE997}.Release|Any CPU.ActiveCfg = Release|Any CPU
		{270A358C-54B4-4C34-899F-F946361CE997}.Release|Any CPU.Build.0 = Release|Any CPU
	EndGlobalSection
	GlobalSection(SolutionProperties) = preSolution
		HideSolutionNode = FALSE
	EndGlobalSection
	GlobalSection(ExtensibilityGlobals) = postSolution
		SolutionGuid = {FA05C1A6-9AA5-4A71-B7A0-26D53EF400AF}
	EndGlobalSection
EndGlobal
