
Microsoft Visual Studio Solution File, Format Version 12.00
# Visual Studio Version 17
VisualStudioVersion = 17.6.33723.286
MinimumVisualStudioVersion = 10.0.40219.1
Project("{FAE04EC0-301F-11D3-BF4B-00C04F79EFBC}") = "interfaz", "interfaz\interfaz.csproj", "{BBC931D6-7FF4-4350-849A-D46D22AFE364}"
EndProject
Global
	GlobalSection(SolutionConfigurationPlatforms) = preSolution
		Debug|Any CPU = Debug|Any CPU
		Release|Any CPU = Release|Any CPU
	EndGlobalSection
	GlobalSection(ProjectConfigurationPlatforms) = postSolution
		{BBC931D6-7FF4-4350-849A-D46D22AFE364}.Debug|Any CPU.ActiveCfg = Debug|Any CPU
		{BBC931D6-7FF4-4350-849A-D46D22AFE364}.Debug|Any CPU.Build.0 = Debug|Any CPU
		{BBC931D6-7FF4-4350-849A-D46D22AFE364}.Release|Any CPU.ActiveCfg = Release|Any CPU
		{BBC931D6-7FF4-4350-849A-D46D22AFE364}.Release|Any CPU.Build.0 = Release|Any CPU
	EndGlobalSection
	GlobalSection(SolutionProperties) = preSolution
		HideSolutionNode = FALSE
	EndGlobalSection
	GlobalSection(ExtensibilityGlobals) = postSolution
		SolutionGuid = {94E80CB7-6A51-47D1-AB05-DB1C6F88E70C}
	EndGlobalSection
EndGlobal
